
Microsoft Visual Studio Solution File, Format Version 12.00
# Visual Studio Version 17
VisualStudioVersion = 17.6.33829.357
MinimumVisualStudioVersion = 10.0.40219.1
Project("{FAE04EC0-301F-11D3-BF4B-00C04F79EFBC}") = "ingilizce sözlük", "ingilizce sözlük\ingilizce sözlük.csproj", "{53BF4414-A153-45D0-A4CC-E3855674B68A}"
EndProject
Global
	GlobalSection(SolutionConfigurationPlatforms) = preSolution
		Debug|Any CPU = Debug|Any CPU
		Release|Any CPU = Release|Any CPU
	EndGlobalSection
	GlobalSection(ProjectConfigurationPlatforms) = postSolution
		{53BF4414-A153-45D0-A4CC-E3855674B68A}.Debug|Any CPU.ActiveCfg = Debug|Any CPU
		{53BF4414-A153-45D0-A4CC-E3855674B68A}.Debug|Any CPU.Build.0 = Debug|Any CPU
		{53BF4414-A153-45D0-A4CC-E3855674B68A}.Release|Any CPU.ActiveCfg = Release|Any CPU
		{53BF4414-A153-45D0-A4CC-E3855674B68A}.Release|Any CPU.Build.0 = Release|Any CPU
	EndGlobalSection
	GlobalSection(SolutionProperties) = preSolution
		HideSolutionNode = FALSE
	EndGlobalSection
	GlobalSection(ExtensibilityGlobals) = postSolution
		SolutionGuid = {439CC47D-D8DF-4E6E-AE97-AF9DB2222E7B}
	EndGlobalSection
EndGlobal
